
Microsoft Visual Studio Solution File, Format Version 12.00
# Visual Studio Version 17
VisualStudioVersion = 17.5.33424.131
MinimumVisualStudioVersion = 10.0.40219.1
Project("{FAE04EC0-301F-11D3-BF4B-00C04F79EFBC}") = "AIChatBotClient", "AIChatbotClient\AIChatBotClient.csproj", "{752C6E6C-6613-49A9-9E17-44E937262872}"
EndProject
Global
	GlobalSection(SolutionConfigurationPlatforms) = preSolution
		Debug|Any CPU = Debug|Any CPU
		Release|Any CPU = Release|Any CPU
	EndGlobalSection
	GlobalSection(ProjectConfigurationPlatforms) = postSolution
		{752C6E6C-6613-49A9-9E17-44E937262872}.Debug|Any CPU.ActiveCfg = Debug|Any CPU
		{752C6E6C-6613-49A9-9E17-44E937262872}.Debug|Any CPU.Build.0 = Debug|Any CPU
		{752C6E6C-6613-49A9-9E17-44E937262872}.Release|Any CPU.ActiveCfg = Release|Any CPU
		{752C6E6C-6613-49A9-9E17-44E937262872}.Release|Any CPU.Build.0 = Release|Any CPU
	EndGlobalSection
	GlobalSection(SolutionProperties) = preSolution
		HideSolutionNode = FALSE
	EndGlobalSection
	GlobalSection(ExtensibilityGlobals) = postSolution
		SolutionGuid = {D6A1E5F8-E09F-4736-A77A-40005A26FFB8}
	EndGlobalSection
EndGlobal
